github.com/gocarina/gocsv v0.0.0-20201103164230-b291445e0dd2 h1:DTpqi8htDqlk4dGMxZ3+7BVX2OoMki9akiCHWQpSXfA=
github.com/gocarina/gocsv v0.0.0-20201103164230-b291445e0dd2/go.mod h1:5YoVOkjYAQumqlV356Hj3xeYh4BdZuLE0/nRkf2NKkI=
github.com/jszwec/csvutil v1.4.0 h1:ro7gZN8PRsyNUEX8qE/eYPE5/kffEXMs+4eRcOd1oUk=
github.com/jszwec/csvutil v1.4.0/go.mod h1:Rpu7Uu9giO9subDyMCIQfHVDuLrcaC36UA4YcJjGBkg=
